
Microsoft Visual Studio Solution File, Format Version 12.00
# Visual Studio 15
VisualStudioVersion = 15.0.28307.102
MinimumVisualStudioVersion = 10.0.40219.1
Project("{8BC9CEB8-8B4A-11D0-8D11-00A0C91BC942}") = "AlgorithmProblems", "AlgorithmProblems\AlgorithmProblems.vcxproj", "{918E6B44-A3CF-4C12-8594-F97B09F59A73}"
EndProject
Project("{8BC9CEB8-8B4A-11D0-8D11-00A0C91BC942}") = "Test", "Test\Test.vcxproj", "{F2DC36A6-A198-4E73-B0CD-4D5A52B3EE2E}"
EndProject
Project("{8BC9CEB8-8B4A-11D0-8D11-00A0C91BC942}") = "GetDuplication", "GetDuplication\GetDuplication.vcxproj", "{765BA3CD-7589-4948-9AA0-7F2EF44EEC28}"
EndProject
Global
	GlobalSection(SolutionConfigurationPlatforms) = preSolution
		Debug|x64 = Debug|x64
		Debug|x86 = Debug|x86
		Release|x64 = Release|x64
		Release|x86 = Release|x86
	EndGlobalSection
	GlobalSection(ProjectConfigurationPlatforms) = postSolution
		{918E6B44-A3CF-4C12-8594-F97B09F59A73}.Debug|x64.ActiveCfg = Debug|x64
		{918E6B44-A3CF-4C12-8594-F97B09F59A73}.Debug|x64.Build.0 = Debug|x64
		{918E6B44-A3CF-4C12-8594-F97B09F59A73}.Debug|x86.ActiveCfg = Debug|Win32
		{918E6B44-A3CF-4C12-8594-F97B09F59A73}.Debug|x86.Build.0 = Debug|Win32
		{918E6B44-A3CF-4C12-8594-F97B09F59A73}.Release|x64.ActiveCfg = Release|x64
		{918E6B44-A3CF-4C12-8594-F97B09F59A73}.Release|x64.Build.0 = Release|x64
		{918E6B44-A3CF-4C12-8594-F97B09F59A73}.Release|x86.ActiveCfg = Release|Win32
		{918E6B44-A3CF-4C12-8594-F97B09F59A73}.Release|x86.Build.0 = Release|Win32
		{F2DC36A6-A198-4E73-B0CD-4D5A52B3EE2E}.Debug|x64.ActiveCfg = Debug|x64
		{F2DC36A6-A198-4E73-B0CD-4D5A52B3EE2E}.Debug|x64.Build.0 = Debug|x64
		{F2DC36A6-A198-4E73-B0CD-4D5A52B3EE2E}.Debug|x86.ActiveCfg = Debug|Win32
		{F2DC36A6-A198-4E73-B0CD-4D5A52B3EE2E}.Debug|x86.Build.0 = Debug|Win32
		{F2DC36A6-A198-4E73-B0CD-4D5A52B3EE2E}.Release|x64.ActiveCfg = Release|x64
		{F2DC36A6-A198-4E73-B0CD-4D5A52B3EE2E}.Release|x64.Build.0 = Release|x64
		{F2DC36A6-A198-4E73-B0CD-4D5A52B3EE2E}.Release|x86.ActiveCfg = Release|Win32
		{F2DC36A6-A198-4E73-B0CD-4D5A52B3EE2E}.Release|x86.Build.0 = Release|Win32
		{765BA3CD-7589-4948-9AA0-7F2EF44EEC28}.Debug|x64.ActiveCfg = Debug|x64
		{765BA3CD-7589-4948-9AA0-7F2EF44EEC28}.Debug|x64.Build.0 = Debug|x64
		{765BA3CD-7589-4948-9AA0-7F2EF44EEC28}.Debug|x86.ActiveCfg = Debug|Win32
		{765BA3CD-7589-4948-9AA0-7F2EF44EEC28}.Debug|x86.Build.0 = Debug|Win32
		{765BA3CD-7589-4948-9AA0-7F2EF44EEC28}.Release|x64.ActiveCfg = Release|x64
		{765BA3CD-7589-4948-9AA0-7F2EF44EEC28}.Release|x64.Build.0 = Release|x64
		{765BA3CD-7589-4948-9AA0-7F2EF44EEC28}.Release|x86.ActiveCfg = Release|Win32
		{765BA3CD-7589-4948-9AA0-7F2EF44EEC28}.Release|x86.Build.0 = Release|Win32
	EndGlobalSection
	GlobalSection(SolutionProperties) = preSolution
		HideSolutionNode = FALSE
	EndGlobalSection
	GlobalSection(ExtensibilityGlobals) = postSolution
		SolutionGuid = {789EDF12-EB4A-443C-8D08-AC5A2BD12144}
	EndGlobalSection
EndGlobal
