
Microsoft Visual Studio Solution File, Format Version 12.00
# Visual Studio 15
VisualStudioVersion = 15.0.28307.102
MinimumVisualStudioVersion = 10.0.40219.1
Project("{8BC9CEB8-8B4A-11D0-8D11-00A0C91BC942}") = "03_Duplicae", "AlgorithmProblems\AlgorithmProblems.vcxproj", "{918E6B44-A3CF-4C12-8594-F97B09F59A73}"
EndProject
Project("{8BC9CEB8-8B4A-11D0-8D11-00A0C91BC942}") = "Test", "Test\Test.vcxproj", "{F2DC36A6-A198-4E73-B0CD-4D5A52B3EE2E}"
EndProject
Project("{8BC9CEB8-8B4A-11D0-8D11-00A0C91BC942}") = "0302_GetDuplication", "GetDuplication\GetDuplication.vcxproj", "{765BA3CD-7589-4948-9AA0-7F2EF44EEC28}"
EndProject
Project("{8BC9CEB8-8B4A-11D0-8D11-00A0C91BC942}") = "04_FindInPartiallySortedMatrix", "FindInPartiallySortedMatrix\FindInPartiallySortedMatrix.vcxproj", "{42D2FB78-AF27-47A7-940A-B16836622FE7}"
EndProject
Project("{8BC9CEB8-8B4A-11D0-8D11-00A0C91BC942}") = "05_ReplaceSpaces", "ReplaceSpaces\ReplaceSpaces.vcxproj", "{68F78151-D0B0-4B69-890C-FB6B5826F654}"
EndProject
Project("{8BC9CEB8-8B4A-11D0-8D11-00A0C91BC942}") = "06_PrintListInReversedOrder", "PrintListInReversedOrder\PrintListInReversedOrder.vcxproj", "{B8C2D0FE-8441-466F-A9DD-C0E260E368CB}"
	ProjectSection(ProjectDependencies) = postProject
		{732DA13A-F8BB-4CEF-B96D-61DE60BDB6A7} = {732DA13A-F8BB-4CEF-B96D-61DE60BDB6A7}
	EndProjectSection
EndProject
Project("{8BC9CEB8-8B4A-11D0-8D11-00A0C91BC942}") = "Utilities", "Utilities\Utilities.vcxproj", "{732DA13A-F8BB-4CEF-B96D-61DE60BDB6A7}"
EndProject
Project("{8BC9CEB8-8B4A-11D0-8D11-00A0C91BC942}") = "07_ConstructBinaryTree", "07_ConstructBinaryTree\07_ConstructBinaryTree.vcxproj", "{0AE22574-14FE-49E2-8D57-6B670B409E3F}"
EndProject
Project("{8BC9CEB8-8B4A-11D0-8D11-00A0C91BC942}") = "08_NextNodeInBinaryTrees", "08_NextNodeInBinaryTrees\08_NextNodeInBinaryTrees.vcxproj", "{07905E4A-2BFD-4824-BB75-B185E991F706}"
EndProject
Project("{8BC9CEB8-8B4A-11D0-8D11-00A0C91BC942}") = "09_QueueWithTwoStacks", "09_QueueWithTwoStacks\09_QueueWithTwoStacks.vcxproj", "{2EB2DCA3-198D-4480-89E7-10624F474FC7}"
EndProject
Project("{8BC9CEB8-8B4A-11D0-8D11-00A0C91BC942}") = "10_Fibonacci", "10_Fibonacci\10_Fibonacci.vcxproj", "{FCD55E33-DDD3-4547-A3FB-C633744FE100}"
EndProject
Project("{8BC9CEB8-8B4A-11D0-8D11-00A0C91BC942}") = "11_MinNumberInRotatedArray", "11_MinNumberInRotatedArray\11_MinNumberInRotatedArray.vcxproj", "{EC7AF8C1-40F5-4821-84B0-970E83BDFA5C}"
EndProject
Project("{8BC9CEB8-8B4A-11D0-8D11-00A0C91BC942}") = "12_StringPathInMatrix", "12_StringPathInMatrix\12_StringPathInMatrix.vcxproj", "{B4BA06C2-2ED1-48ED-8580-475720A49DEA}"
EndProject
Project("{8BC9CEB8-8B4A-11D0-8D11-00A0C91BC942}") = "13_RobotMove", "13_RobotMove\13_RobotMove.vcxproj", "{97CBFDED-5D24-41F9-93DB-4FC8019780D4}"
EndProject
Project("{8BC9CEB8-8B4A-11D0-8D11-00A0C91BC942}") = "14_CuttingRope", "14_CuttingRope\14_CuttingRope.vcxproj", "{8D188E92-C757-41B1-A894-6FA63771DDFB}"
EndProject
Project("{8BC9CEB8-8B4A-11D0-8D11-00A0C91BC942}") = "15_NumberOf1InBinary", "15_NumberOf1InBinary\15_NumberOf1InBinary.vcxproj", "{290FD3CD-933B-476B-A9A5-8E63821E34B1}"
EndProject
Project("{8BC9CEB8-8B4A-11D0-8D11-00A0C91BC942}") = "17_Print1ToMaxOfNDigits", "17_Print1ToMaxOfNDigits\17_Print1ToMaxOfNDigits.vcxproj", "{8BC10A0D-CE34-4C7D-B92A-DF3EA7805610}"
EndProject
Project("{8BC9CEB8-8B4A-11D0-8D11-00A0C91BC942}") = "18_01_DeleteNodeInList", "18_01_DeleteNodeInList\18_01_DeleteNodeInList.vcxproj", "{C6860B73-B8A7-4B59-9AAD-E45317A70D3B}"
EndProject
Project("{8BC9CEB8-8B4A-11D0-8D11-00A0C91BC942}") = "19_RegularExpressionsMatching", "19_RegularExpressionsMatching\19_RegularExpressionsMatching.vcxproj", "{0690B32C-70EC-4F50-A3AF-D4D06AD93DF0}"
EndProject
Project("{8BC9CEB8-8B4A-11D0-8D11-00A0C91BC942}") = "21_ReorderArray", "21_ReorderArray\21_ReorderArray.vcxproj", "{193C2023-BB4D-4B43-B604-56F2215BCC43}"
EndProject
Project("{8BC9CEB8-8B4A-11D0-8D11-00A0C91BC942}") = "22_KthNodeFromEnd", "22_KthNodeFromEnd\22_KthNodeFromEnd.vcxproj", "{3865701B-7892-4E39-A8B1-D5F86F0947E7}"
EndProject
Project("{8BC9CEB8-8B4A-11D0-8D11-00A0C91BC942}") = "23_EntryNodeInListLoop", "23_EntryNodeInListLoop\23_EntryNodeInListLoop.vcxproj", "{600F8DD0-A3DE-4DFD-93C3-F8BDB69C5C0B}"
EndProject
Project("{8BC9CEB8-8B4A-11D0-8D11-00A0C91BC942}") = "24_ReverseList", "24_ReverseList\24_ReverseList.vcxproj", "{76C6AF1F-D6DE-46D5-94BB-69119F6C8951}"
EndProject
Project("{8BC9CEB8-8B4A-11D0-8D11-00A0C91BC942}") = "25_MergeSortedLists", "25_MergeSortedLists\25_MergeSortedLists.vcxproj", "{79F31DD4-FBC0-45AE-B3D3-5EAE7F3DC8A4}"
EndProject
Project("{8BC9CEB8-8B4A-11D0-8D11-00A0C91BC942}") = "26_SubstructureInTree", "26_SubstructureInTree\26_SubstructureInTree.vcxproj", "{CF35A0AD-FF4A-4FD9-970D-CC1784890346}"
EndProject
Project("{8BC9CEB8-8B4A-11D0-8D11-00A0C91BC942}") = "27_MirrorOfBinaryTree", "27_MirrorOfBinaryTree\27_MirrorOfBinaryTree.vcxproj", "{E35A2879-4615-44E6-841B-1E6917B90947}"
EndProject
Project("{8BC9CEB8-8B4A-11D0-8D11-00A0C91BC942}") = "28_SymmetricalBinaryTree", "28_SymmetricalBinaryTree\28_SymmetricalBinaryTree.vcxproj", "{D8DBE964-BFDE-4ADC-81E3-E17B86393012}"
EndProject
Project("{8BC9CEB8-8B4A-11D0-8D11-00A0C91BC942}") = "29_PrintMatrix", "29_PrintMatrix\29_PrintMatrix.vcxproj", "{50FD52F5-D50A-42A3-812E-0E6901C24A24}"
EndProject
Global
	GlobalSection(SolutionConfigurationPlatforms) = preSolution
		Debug|x64 = Debug|x64
		Debug|x86 = Debug|x86
		Release|x64 = Release|x64
		Release|x86 = Release|x86
	EndGlobalSection
	GlobalSection(ProjectConfigurationPlatforms) = postSolution
		{918E6B44-A3CF-4C12-8594-F97B09F59A73}.Debug|x64.ActiveCfg = Debug|x64
		{918E6B44-A3CF-4C12-8594-F97B09F59A73}.Debug|x64.Build.0 = Debug|x64
		{918E6B44-A3CF-4C12-8594-F97B09F59A73}.Debug|x86.ActiveCfg = Debug|Win32
		{918E6B44-A3CF-4C12-8594-F97B09F59A73}.Debug|x86.Build.0 = Debug|Win32
		{918E6B44-A3CF-4C12-8594-F97B09F59A73}.Release|x64.ActiveCfg = Release|x64
		{918E6B44-A3CF-4C12-8594-F97B09F59A73}.Release|x64.Build.0 = Release|x64
		{918E6B44-A3CF-4C12-8594-F97B09F59A73}.Release|x86.ActiveCfg = Release|Win32
		{918E6B44-A3CF-4C12-8594-F97B09F59A73}.Release|x86.Build.0 = Release|Win32
		{F2DC36A6-A198-4E73-B0CD-4D5A52B3EE2E}.Debug|x64.ActiveCfg = Debug|x64
		{F2DC36A6-A198-4E73-B0CD-4D5A52B3EE2E}.Debug|x64.Build.0 = Debug|x64
		{F2DC36A6-A198-4E73-B0CD-4D5A52B3EE2E}.Debug|x86.ActiveCfg = Debug|Win32
		{F2DC36A6-A198-4E73-B0CD-4D5A52B3EE2E}.Debug|x86.Build.0 = Debug|Win32
		{F2DC36A6-A198-4E73-B0CD-4D5A52B3EE2E}.Release|x64.ActiveCfg = Release|x64
		{F2DC36A6-A198-4E73-B0CD-4D5A52B3EE2E}.Release|x64.Build.0 = Release|x64
		{F2DC36A6-A198-4E73-B0CD-4D5A52B3EE2E}.Release|x86.ActiveCfg = Release|Win32
		{F2DC36A6-A198-4E73-B0CD-4D5A52B3EE2E}.Release|x86.Build.0 = Release|Win32
		{765BA3CD-7589-4948-9AA0-7F2EF44EEC28}.Debug|x64.ActiveCfg = Debug|x64
		{765BA3CD-7589-4948-9AA0-7F2EF44EEC28}.Debug|x64.Build.0 = Debug|x64
		{765BA3CD-7589-4948-9AA0-7F2EF44EEC28}.Debug|x86.ActiveCfg = Debug|Win32
		{765BA3CD-7589-4948-9AA0-7F2EF44EEC28}.Debug|x86.Build.0 = Debug|Win32
		{765BA3CD-7589-4948-9AA0-7F2EF44EEC28}.Release|x64.ActiveCfg = Release|x64
		{765BA3CD-7589-4948-9AA0-7F2EF44EEC28}.Release|x64.Build.0 = Release|x64
		{765BA3CD-7589-4948-9AA0-7F2EF44EEC28}.Release|x86.ActiveCfg = Release|Win32
		{765BA3CD-7589-4948-9AA0-7F2EF44EEC28}.Release|x86.Build.0 = Release|Win32
		{42D2FB78-AF27-47A7-940A-B16836622FE7}.Debug|x64.ActiveCfg = Debug|x64
		{42D2FB78-AF27-47A7-940A-B16836622FE7}.Debug|x64.Build.0 = Debug|x64
		{42D2FB78-AF27-47A7-940A-B16836622FE7}.Debug|x86.ActiveCfg = Debug|Win32
		{42D2FB78-AF27-47A7-940A-B16836622FE7}.Debug|x86.Build.0 = Debug|Win32
		{42D2FB78-AF27-47A7-940A-B16836622FE7}.Release|x64.ActiveCfg = Release|x64
		{42D2FB78-AF27-47A7-940A-B16836622FE7}.Release|x64.Build.0 = Release|x64
		{42D2FB78-AF27-47A7-940A-B16836622FE7}.Release|x86.ActiveCfg = Release|Win32
		{42D2FB78-AF27-47A7-940A-B16836622FE7}.Release|x86.Build.0 = Release|Win32
		{68F78151-D0B0-4B69-890C-FB6B5826F654}.Debug|x64.ActiveCfg = Debug|x64
		{68F78151-D0B0-4B69-890C-FB6B5826F654}.Debug|x64.Build.0 = Debug|x64
		{68F78151-D0B0-4B69-890C-FB6B5826F654}.Debug|x86.ActiveCfg = Debug|Win32
		{68F78151-D0B0-4B69-890C-FB6B5826F654}.Debug|x86.Build.0 = Debug|Win32
		{68F78151-D0B0-4B69-890C-FB6B5826F654}.Release|x64.ActiveCfg = Release|x64
		{68F78151-D0B0-4B69-890C-FB6B5826F654}.Release|x64.Build.0 = Release|x64
		{68F78151-D0B0-4B69-890C-FB6B5826F654}.Release|x86.ActiveCfg = Release|Win32
		{68F78151-D0B0-4B69-890C-FB6B5826F654}.Release|x86.Build.0 = Release|Win32
		{B8C2D0FE-8441-466F-A9DD-C0E260E368CB}.Debug|x64.ActiveCfg = Debug|x64
		{B8C2D0FE-8441-466F-A9DD-C0E260E368CB}.Debug|x64.Build.0 = Debug|x64
		{B8C2D0FE-8441-466F-A9DD-C0E260E368CB}.Debug|x86.ActiveCfg = Debug|Win32
		{B8C2D0FE-8441-466F-A9DD-C0E260E368CB}.Debug|x86.Build.0 = Debug|Win32
		{B8C2D0FE-8441-466F-A9DD-C0E260E368CB}.Release|x64.ActiveCfg = Release|x64
		{B8C2D0FE-8441-466F-A9DD-C0E260E368CB}.Release|x64.Build.0 = Release|x64
		{B8C2D0FE-8441-466F-A9DD-C0E260E368CB}.Release|x86.ActiveCfg = Release|Win32
		{B8C2D0FE-8441-466F-A9DD-C0E260E368CB}.Release|x86.Build.0 = Release|Win32
		{732DA13A-F8BB-4CEF-B96D-61DE60BDB6A7}.Debug|x64.ActiveCfg = Debug|x64
		{732DA13A-F8BB-4CEF-B96D-61DE60BDB6A7}.Debug|x64.Build.0 = Debug|x64
		{732DA13A-F8BB-4CEF-B96D-61DE60BDB6A7}.Debug|x86.ActiveCfg = Debug|Win32
		{732DA13A-F8BB-4CEF-B96D-61DE60BDB6A7}.Debug|x86.Build.0 = Debug|Win32
		{732DA13A-F8BB-4CEF-B96D-61DE60BDB6A7}.Release|x64.ActiveCfg = Release|x64
		{732DA13A-F8BB-4CEF-B96D-61DE60BDB6A7}.Release|x64.Build.0 = Release|x64
		{732DA13A-F8BB-4CEF-B96D-61DE60BDB6A7}.Release|x86.ActiveCfg = Release|Win32
		{732DA13A-F8BB-4CEF-B96D-61DE60BDB6A7}.Release|x86.Build.0 = Release|Win32
		{0AE22574-14FE-49E2-8D57-6B670B409E3F}.Debug|x64.ActiveCfg = Debug|x64
		{0AE22574-14FE-49E2-8D57-6B670B409E3F}.Debug|x64.Build.0 = Debug|x64
		{0AE22574-14FE-49E2-8D57-6B670B409E3F}.Debug|x86.ActiveCfg = Debug|Win32
		{0AE22574-14FE-49E2-8D57-6B670B409E3F}.Debug|x86.Build.0 = Debug|Win32
		{0AE22574-14FE-49E2-8D57-6B670B409E3F}.Release|x64.ActiveCfg = Release|x64
		{0AE22574-14FE-49E2-8D57-6B670B409E3F}.Release|x64.Build.0 = Release|x64
		{0AE22574-14FE-49E2-8D57-6B670B409E3F}.Release|x86.ActiveCfg = Release|Win32
		{0AE22574-14FE-49E2-8D57-6B670B409E3F}.Release|x86.Build.0 = Release|Win32
		{07905E4A-2BFD-4824-BB75-B185E991F706}.Debug|x64.ActiveCfg = Debug|x64
		{07905E4A-2BFD-4824-BB75-B185E991F706}.Debug|x64.Build.0 = Debug|x64
		{07905E4A-2BFD-4824-BB75-B185E991F706}.Debug|x86.ActiveCfg = Debug|Win32
		{07905E4A-2BFD-4824-BB75-B185E991F706}.Debug|x86.Build.0 = Debug|Win32
		{07905E4A-2BFD-4824-BB75-B185E991F706}.Release|x64.ActiveCfg = Release|x64
		{07905E4A-2BFD-4824-BB75-B185E991F706}.Release|x64.Build.0 = Release|x64
		{07905E4A-2BFD-4824-BB75-B185E991F706}.Release|x86.ActiveCfg = Release|Win32
		{07905E4A-2BFD-4824-BB75-B185E991F706}.Release|x86.Build.0 = Release|Win32
		{2EB2DCA3-198D-4480-89E7-10624F474FC7}.Debug|x64.ActiveCfg = Debug|x64
		{2EB2DCA3-198D-4480-89E7-10624F474FC7}.Debug|x64.Build.0 = Debug|x64
		{2EB2DCA3-198D-4480-89E7-10624F474FC7}.Debug|x86.ActiveCfg = Debug|Win32
		{2EB2DCA3-198D-4480-89E7-10624F474FC7}.Debug|x86.Build.0 = Debug|Win32
		{2EB2DCA3-198D-4480-89E7-10624F474FC7}.Release|x64.ActiveCfg = Release|x64
		{2EB2DCA3-198D-4480-89E7-10624F474FC7}.Release|x64.Build.0 = Release|x64
		{2EB2DCA3-198D-4480-89E7-10624F474FC7}.Release|x86.ActiveCfg = Release|Win32
		{2EB2DCA3-198D-4480-89E7-10624F474FC7}.Release|x86.Build.0 = Release|Win32
		{FCD55E33-DDD3-4547-A3FB-C633744FE100}.Debug|x64.ActiveCfg = Debug|x64
		{FCD55E33-DDD3-4547-A3FB-C633744FE100}.Debug|x64.Build.0 = Debug|x64
		{FCD55E33-DDD3-4547-A3FB-C633744FE100}.Debug|x86.ActiveCfg = Debug|Win32
		{FCD55E33-DDD3-4547-A3FB-C633744FE100}.Debug|x86.Build.0 = Debug|Win32
		{FCD55E33-DDD3-4547-A3FB-C633744FE100}.Release|x64.ActiveCfg = Release|x64
		{FCD55E33-DDD3-4547-A3FB-C633744FE100}.Release|x64.Build.0 = Release|x64
		{FCD55E33-DDD3-4547-A3FB-C633744FE100}.Release|x86.ActiveCfg = Release|Win32
		{FCD55E33-DDD3-4547-A3FB-C633744FE100}.Release|x86.Build.0 = Release|Win32
		{EC7AF8C1-40F5-4821-84B0-970E83BDFA5C}.Debug|x64.ActiveCfg = Debug|x64
		{EC7AF8C1-40F5-4821-84B0-970E83BDFA5C}.Debug|x64.Build.0 = Debug|x64
		{EC7AF8C1-40F5-4821-84B0-970E83BDFA5C}.Debug|x86.ActiveCfg = Debug|Win32
		{EC7AF8C1-40F5-4821-84B0-970E83BDFA5C}.Debug|x86.Build.0 = Debug|Win32
		{EC7AF8C1-40F5-4821-84B0-970E83BDFA5C}.Release|x64.ActiveCfg = Release|x64
		{EC7AF8C1-40F5-4821-84B0-970E83BDFA5C}.Release|x64.Build.0 = Release|x64
		{EC7AF8C1-40F5-4821-84B0-970E83BDFA5C}.Release|x86.ActiveCfg = Release|Win32
		{EC7AF8C1-40F5-4821-84B0-970E83BDFA5C}.Release|x86.Build.0 = Release|Win32
		{B4BA06C2-2ED1-48ED-8580-475720A49DEA}.Debug|x64.ActiveCfg = Debug|x64
		{B4BA06C2-2ED1-48ED-8580-475720A49DEA}.Debug|x64.Build.0 = Debug|x64
		{B4BA06C2-2ED1-48ED-8580-475720A49DEA}.Debug|x86.ActiveCfg = Debug|Win32
		{B4BA06C2-2ED1-48ED-8580-475720A49DEA}.Debug|x86.Build.0 = Debug|Win32
		{B4BA06C2-2ED1-48ED-8580-475720A49DEA}.Release|x64.ActiveCfg = Release|x64
		{B4BA06C2-2ED1-48ED-8580-475720A49DEA}.Release|x64.Build.0 = Release|x64
		{B4BA06C2-2ED1-48ED-8580-475720A49DEA}.Release|x86.ActiveCfg = Release|Win32
		{B4BA06C2-2ED1-48ED-8580-475720A49DEA}.Release|x86.Build.0 = Release|Win32
		{97CBFDED-5D24-41F9-93DB-4FC8019780D4}.Debug|x64.ActiveCfg = Debug|x64
		{97CBFDED-5D24-41F9-93DB-4FC8019780D4}.Debug|x64.Build.0 = Debug|x64
		{97CBFDED-5D24-41F9-93DB-4FC8019780D4}.Debug|x86.ActiveCfg = Debug|Win32
		{97CBFDED-5D24-41F9-93DB-4FC8019780D4}.Debug|x86.Build.0 = Debug|Win32
		{97CBFDED-5D24-41F9-93DB-4FC8019780D4}.Release|x64.ActiveCfg = Release|x64
		{97CBFDED-5D24-41F9-93DB-4FC8019780D4}.Release|x64.Build.0 = Release|x64
		{97CBFDED-5D24-41F9-93DB-4FC8019780D4}.Release|x86.ActiveCfg = Release|Win32
		{97CBFDED-5D24-41F9-93DB-4FC8019780D4}.Release|x86.Build.0 = Release|Win32
		{8D188E92-C757-41B1-A894-6FA63771DDFB}.Debug|x64.ActiveCfg = Debug|x64
		{8D188E92-C757-41B1-A894-6FA63771DDFB}.Debug|x64.Build.0 = Debug|x64
		{8D188E92-C757-41B1-A894-6FA63771DDFB}.Debug|x86.ActiveCfg = Debug|Win32
		{8D188E92-C757-41B1-A894-6FA63771DDFB}.Debug|x86.Build.0 = Debug|Win32
		{8D188E92-C757-41B1-A894-6FA63771DDFB}.Release|x64.ActiveCfg = Release|x64
		{8D188E92-C757-41B1-A894-6FA63771DDFB}.Release|x64.Build.0 = Release|x64
		{8D188E92-C757-41B1-A894-6FA63771DDFB}.Release|x86.ActiveCfg = Release|Win32
		{8D188E92-C757-41B1-A894-6FA63771DDFB}.Release|x86.Build.0 = Release|Win32
		{290FD3CD-933B-476B-A9A5-8E63821E34B1}.Debug|x64.ActiveCfg = Debug|x64
		{290FD3CD-933B-476B-A9A5-8E63821E34B1}.Debug|x64.Build.0 = Debug|x64
		{290FD3CD-933B-476B-A9A5-8E63821E34B1}.Debug|x86.ActiveCfg = Debug|Win32
		{290FD3CD-933B-476B-A9A5-8E63821E34B1}.Debug|x86.Build.0 = Debug|Win32
		{290FD3CD-933B-476B-A9A5-8E63821E34B1}.Release|x64.ActiveCfg = Release|x64
		{290FD3CD-933B-476B-A9A5-8E63821E34B1}.Release|x64.Build.0 = Release|x64
		{290FD3CD-933B-476B-A9A5-8E63821E34B1}.Release|x86.ActiveCfg = Release|Win32
		{290FD3CD-933B-476B-A9A5-8E63821E34B1}.Release|x86.Build.0 = Release|Win32
		{8BC10A0D-CE34-4C7D-B92A-DF3EA7805610}.Debug|x64.ActiveCfg = Debug|x64
		{8BC10A0D-CE34-4C7D-B92A-DF3EA7805610}.Debug|x64.Build.0 = Debug|x64
		{8BC10A0D-CE34-4C7D-B92A-DF3EA7805610}.Debug|x86.ActiveCfg = Debug|Win32
		{8BC10A0D-CE34-4C7D-B92A-DF3EA7805610}.Debug|x86.Build.0 = Debug|Win32
		{8BC10A0D-CE34-4C7D-B92A-DF3EA7805610}.Release|x64.ActiveCfg = Release|x64
		{8BC10A0D-CE34-4C7D-B92A-DF3EA7805610}.Release|x64.Build.0 = Release|x64
		{8BC10A0D-CE34-4C7D-B92A-DF3EA7805610}.Release|x86.ActiveCfg = Release|Win32
		{8BC10A0D-CE34-4C7D-B92A-DF3EA7805610}.Release|x86.Build.0 = Release|Win32
		{C6860B73-B8A7-4B59-9AAD-E45317A70D3B}.Debug|x64.ActiveCfg = Debug|x64
		{C6860B73-B8A7-4B59-9AAD-E45317A70D3B}.Debug|x64.Build.0 = Debug|x64
		{C6860B73-B8A7-4B59-9AAD-E45317A70D3B}.Debug|x86.ActiveCfg = Debug|Win32
		{C6860B73-B8A7-4B59-9AAD-E45317A70D3B}.Debug|x86.Build.0 = Debug|Win32
		{C6860B73-B8A7-4B59-9AAD-E45317A70D3B}.Release|x64.ActiveCfg = Release|x64
		{C6860B73-B8A7-4B59-9AAD-E45317A70D3B}.Release|x64.Build.0 = Release|x64
		{C6860B73-B8A7-4B59-9AAD-E45317A70D3B}.Release|x86.ActiveCfg = Release|Win32
		{C6860B73-B8A7-4B59-9AAD-E45317A70D3B}.Release|x86.Build.0 = Release|Win32
		{0690B32C-70EC-4F50-A3AF-D4D06AD93DF0}.Debug|x64.ActiveCfg = Debug|x64
		{0690B32C-70EC-4F50-A3AF-D4D06AD93DF0}.Debug|x64.Build.0 = Debug|x64
		{0690B32C-70EC-4F50-A3AF-D4D06AD93DF0}.Debug|x86.ActiveCfg = Debug|Win32
		{0690B32C-70EC-4F50-A3AF-D4D06AD93DF0}.Debug|x86.Build.0 = Debug|Win32
		{0690B32C-70EC-4F50-A3AF-D4D06AD93DF0}.Release|x64.ActiveCfg = Release|x64
		{0690B32C-70EC-4F50-A3AF-D4D06AD93DF0}.Release|x64.Build.0 = Release|x64
		{0690B32C-70EC-4F50-A3AF-D4D06AD93DF0}.Release|x86.ActiveCfg = Release|Win32
		{0690B32C-70EC-4F50-A3AF-D4D06AD93DF0}.Release|x86.Build.0 = Release|Win32
		{193C2023-BB4D-4B43-B604-56F2215BCC43}.Debug|x64.ActiveCfg = Debug|x64
		{193C2023-BB4D-4B43-B604-56F2215BCC43}.Debug|x64.Build.0 = Debug|x64
		{193C2023-BB4D-4B43-B604-56F2215BCC43}.Debug|x86.ActiveCfg = Debug|Win32
		{193C2023-BB4D-4B43-B604-56F2215BCC43}.Debug|x86.Build.0 = Debug|Win32
		{193C2023-BB4D-4B43-B604-56F2215BCC43}.Release|x64.ActiveCfg = Release|x64
		{193C2023-BB4D-4B43-B604-56F2215BCC43}.Release|x64.Build.0 = Release|x64
		{193C2023-BB4D-4B43-B604-56F2215BCC43}.Release|x86.ActiveCfg = Release|Win32
		{193C2023-BB4D-4B43-B604-56F2215BCC43}.Release|x86.Build.0 = Release|Win32
		{3865701B-7892-4E39-A8B1-D5F86F0947E7}.Debug|x64.ActiveCfg = Debug|x64
		{3865701B-7892-4E39-A8B1-D5F86F0947E7}.Debug|x64.Build.0 = Debug|x64
		{3865701B-7892-4E39-A8B1-D5F86F0947E7}.Debug|x86.ActiveCfg = Debug|Win32
		{3865701B-7892-4E39-A8B1-D5F86F0947E7}.Debug|x86.Build.0 = Debug|Win32
		{3865701B-7892-4E39-A8B1-D5F86F0947E7}.Release|x64.ActiveCfg = Release|x64
		{3865701B-7892-4E39-A8B1-D5F86F0947E7}.Release|x64.Build.0 = Release|x64
		{3865701B-7892-4E39-A8B1-D5F86F0947E7}.Release|x86.ActiveCfg = Release|Win32
		{3865701B-7892-4E39-A8B1-D5F86F0947E7}.Release|x86.Build.0 = Release|Win32
		{600F8DD0-A3DE-4DFD-93C3-F8BDB69C5C0B}.Debug|x64.ActiveCfg = Debug|x64
		{600F8DD0-A3DE-4DFD-93C3-F8BDB69C5C0B}.Debug|x64.Build.0 = Debug|x64
		{600F8DD0-A3DE-4DFD-93C3-F8BDB69C5C0B}.Debug|x86.ActiveCfg = Debug|Win32
		{600F8DD0-A3DE-4DFD-93C3-F8BDB69C5C0B}.Debug|x86.Build.0 = Debug|Win32
		{600F8DD0-A3DE-4DFD-93C3-F8BDB69C5C0B}.Release|x64.ActiveCfg = Release|x64
		{600F8DD0-A3DE-4DFD-93C3-F8BDB69C5C0B}.Release|x64.Build.0 = Release|x64
		{600F8DD0-A3DE-4DFD-93C3-F8BDB69C5C0B}.Release|x86.ActiveCfg = Release|Win32
		{600F8DD0-A3DE-4DFD-93C3-F8BDB69C5C0B}.Release|x86.Build.0 = Release|Win32
		{76C6AF1F-D6DE-46D5-94BB-69119F6C8951}.Debug|x64.ActiveCfg = Debug|x64
		{76C6AF1F-D6DE-46D5-94BB-69119F6C8951}.Debug|x64.Build.0 = Debug|x64
		{76C6AF1F-D6DE-46D5-94BB-69119F6C8951}.Debug|x86.ActiveCfg = Debug|Win32
		{76C6AF1F-D6DE-46D5-94BB-69119F6C8951}.Debug|x86.Build.0 = Debug|Win32
		{76C6AF1F-D6DE-46D5-94BB-69119F6C8951}.Release|x64.ActiveCfg = Release|x64
		{76C6AF1F-D6DE-46D5-94BB-69119F6C8951}.Release|x64.Build.0 = Release|x64
		{76C6AF1F-D6DE-46D5-94BB-69119F6C8951}.Release|x86.ActiveCfg = Release|Win32
		{76C6AF1F-D6DE-46D5-94BB-69119F6C8951}.Release|x86.Build.0 = Release|Win32
		{79F31DD4-FBC0-45AE-B3D3-5EAE7F3DC8A4}.Debug|x64.ActiveCfg = Debug|x64
		{79F31DD4-FBC0-45AE-B3D3-5EAE7F3DC8A4}.Debug|x64.Build.0 = Debug|x64
		{79F31DD4-FBC0-45AE-B3D3-5EAE7F3DC8A4}.Debug|x86.ActiveCfg = Debug|Win32
		{79F31DD4-FBC0-45AE-B3D3-5EAE7F3DC8A4}.Debug|x86.Build.0 = Debug|Win32
		{79F31DD4-FBC0-45AE-B3D3-5EAE7F3DC8A4}.Release|x64.ActiveCfg = Release|x64
		{79F31DD4-FBC0-45AE-B3D3-5EAE7F3DC8A4}.Release|x64.Build.0 = Release|x64
		{79F31DD4-FBC0-45AE-B3D3-5EAE7F3DC8A4}.Release|x86.ActiveCfg = Release|Win32
		{79F31DD4-FBC0-45AE-B3D3-5EAE7F3DC8A4}.Release|x86.Build.0 = Release|Win32
		{CF35A0AD-FF4A-4FD9-970D-CC1784890346}.Debug|x64.ActiveCfg = Debug|x64
		{CF35A0AD-FF4A-4FD9-970D-CC1784890346}.Debug|x64.Build.0 = Debug|x64
		{CF35A0AD-FF4A-4FD9-970D-CC1784890346}.Debug|x86.ActiveCfg = Debug|Win32
		{CF35A0AD-FF4A-4FD9-970D-CC1784890346}.Debug|x86.Build.0 = Debug|Win32
		{CF35A0AD-FF4A-4FD9-970D-CC1784890346}.Release|x64.ActiveCfg = Release|x64
		{CF35A0AD-FF4A-4FD9-970D-CC1784890346}.Release|x64.Build.0 = Release|x64
		{CF35A0AD-FF4A-4FD9-970D-CC1784890346}.Release|x86.ActiveCfg = Release|Win32
		{CF35A0AD-FF4A-4FD9-970D-CC1784890346}.Release|x86.Build.0 = Release|Win32
		{E35A2879-4615-44E6-841B-1E6917B90947}.Debug|x64.ActiveCfg = Debug|x64
		{E35A2879-4615-44E6-841B-1E6917B90947}.Debug|x64.Build.0 = Debug|x64
		{E35A2879-4615-44E6-841B-1E6917B90947}.Debug|x86.ActiveCfg = Debug|Win32
		{E35A2879-4615-44E6-841B-1E6917B90947}.Debug|x86.Build.0 = Debug|Win32
		{E35A2879-4615-44E6-841B-1E6917B90947}.Release|x64.ActiveCfg = Release|x64
		{E35A2879-4615-44E6-841B-1E6917B90947}.Release|x64.Build.0 = Release|x64
		{E35A2879-4615-44E6-841B-1E6917B90947}.Release|x86.ActiveCfg = Release|Win32
		{E35A2879-4615-44E6-841B-1E6917B90947}.Release|x86.Build.0 = Release|Win32
		{D8DBE964-BFDE-4ADC-81E3-E17B86393012}.Debug|x64.ActiveCfg = Debug|x64
		{D8DBE964-BFDE-4ADC-81E3-E17B86393012}.Debug|x64.Build.0 = Debug|x64
		{D8DBE964-BFDE-4ADC-81E3-E17B86393012}.Debug|x86.ActiveCfg = Debug|Win32
		{D8DBE964-BFDE-4ADC-81E3-E17B86393012}.Debug|x86.Build.0 = Debug|Win32
		{D8DBE964-BFDE-4ADC-81E3-E17B86393012}.Release|x64.ActiveCfg = Release|x64
		{D8DBE964-BFDE-4ADC-81E3-E17B86393012}.Release|x64.Build.0 = Release|x64
		{D8DBE964-BFDE-4ADC-81E3-E17B86393012}.Release|x86.ActiveCfg = Release|Win32
		{D8DBE964-BFDE-4ADC-81E3-E17B86393012}.Release|x86.Build.0 = Release|Win32
		{50FD52F5-D50A-42A3-812E-0E6901C24A24}.Debug|x64.ActiveCfg = Debug|x64
		{50FD52F5-D50A-42A3-812E-0E6901C24A24}.Debug|x64.Build.0 = Debug|x64
		{50FD52F5-D50A-42A3-812E-0E6901C24A24}.Debug|x86.ActiveCfg = Debug|Win32
		{50FD52F5-D50A-42A3-812E-0E6901C24A24}.Debug|x86.Build.0 = Debug|Win32
		{50FD52F5-D50A-42A3-812E-0E6901C24A24}.Release|x64.ActiveCfg = Release|x64
		{50FD52F5-D50A-42A3-812E-0E6901C24A24}.Release|x64.Build.0 = Release|x64
		{50FD52F5-D50A-42A3-812E-0E6901C24A24}.Release|x86.ActiveCfg = Release|Win32
		{50FD52F5-D50A-42A3-812E-0E6901C24A24}.Release|x86.Build.0 = Release|Win32
	EndGlobalSection
	GlobalSection(SolutionProperties) = preSolution
		HideSolutionNode = FALSE
	EndGlobalSection
	GlobalSection(ExtensibilityGlobals) = postSolution
		SolutionGuid = {789EDF12-EB4A-443C-8D08-AC5A2BD12144}
	EndGlobalSection
EndGlobal
